{
  "nodes": {
    "grub2-themes": {
      "inputs": {
        "nixpkgs": "nixpkgs"
      },
      "locked": {
        "lastModified": 1717262140,
        "narHash": "sha256-SdYUlJ/5ZrdtqmffUjrTo0+SgagezYysEy1ZS4o7Shg=",
        "owner": "vinceliuice",
        "repo": "grub2-themes",
        "rev": "0628270f03f36f00c12487e008644a6fce9b4ec9",
        "type": "github"
      },
      "original": {
        "owner": "vinceliuice",
        "repo": "grub2-themes",
        "type": "github"
      }
    },
    "home-manager": {
      "inputs": {
        "nixpkgs": "nixpkgs_2"
      },
      "locked": {
        "lastModified": 1717525419,
        "narHash": "sha256-5z2422pzWnPXHgq2ms8lcCfttM0dz+hg+x1pCcNkAws=",
        "owner": "nix-community",
        "repo": "home-manager",
        "rev": "a7117efb3725e6197dd95424136f79147aa35e5b",
        "type": "github"
      },
      "original": {
        "owner": "nix-community",
        "repo": "home-manager",
        "type": "github"
      }
    },
    "nixpkgs": {
      "locked": {
        "lastModified": 1717888460,
        "narHash": "sha256-7/hHv2dqHgnvRYEGM4ZRJsxU/ADpHMQu5DKtWwDmdZI=",
        "owner": "NixOS",
        "repo": "nixpkgs",
        "rev": "f07f2b3c4ab2d0a7bbb2f5faa07cc625433a32e1",
        "type": "github"
      },
      "original": {
        "owner": "NixOS",
        "ref": "master",
        "repo": "nixpkgs",
        "type": "github"
      }
    },
    "nixpkgs_2": {
      "locked": {
        "lastModified": 1716948383,
        "narHash": "sha256-SzDKxseEcHR5KzPXLwsemyTR/kaM9whxeiJohbL04rs=",
        "owner": "NixOS",
        "repo": "nixpkgs",
        "rev": "ad57eef4ef0659193044870c731987a6df5cf56b",
        "type": "github"
      },
      "original": {
        "owner": "NixOS",
        "ref": "nixos-unstable",
        "repo": "nixpkgs",
        "type": "github"
      }
    },
    "nixpkgs_3": {
      "locked": {
        "lastModified": 1717786204,
        "narHash": "sha256-4q0s6m0GUcN7q+Y2DqD27iLvbcd1G50T2lv08kKxkSI=",
        "owner": "nixos",
        "repo": "nixpkgs",
        "rev": "051f920625ab5aabe37c920346e3e69d7d34400e",
        "type": "github"
      },
      "original": {
        "owner": "nixos",
        "ref": "nixos-unstable",
        "repo": "nixpkgs",
        "type": "github"
      }
    },
    "root": {
      "inputs": {
        "grub2-themes": "grub2-themes",
        "home-manager": "home-manager",
        "nixpkgs": "nixpkgs_3"
      }
    }
  },
  "root": "root",
  "version": 7
}
